
Microsoft Visual Studio Solution File, Format Version 12.00
# Visual Studio Version 17
VisualStudioVersion = 17.11.35219.272
MinimumVisualStudioVersion = 10.0.40219.1
Project("{FAE04EC0-301F-11D3-BF4B-00C04F79EFBC}") = "1011_LE2", "1011_LE2\1011_LE2.csproj", "{84E379B8-78C2-401D-A3F9-8FB886D353C5}"
EndProject
Global
	GlobalSection(SolutionConfigurationPlatforms) = preSolution
		Debug|Any CPU = Debug|Any CPU
		Release|Any CPU = Release|Any CPU
	EndGlobalSection
	GlobalSection(ProjectConfigurationPlatforms) = postSolution
		{84E379B8-78C2-401D-A3F9-8FB886D353C5}.Debug|Any CPU.ActiveCfg = Debug|Any CPU
		{84E379B8-78C2-401D-A3F9-8FB886D353C5}.Debug|Any CPU.Build.0 = Debug|Any CPU
		{84E379B8-78C2-401D-A3F9-8FB886D353C5}.Release|Any CPU.ActiveCfg = Release|Any CPU
		{84E379B8-78C2-401D-A3F9-8FB886D353C5}.Release|Any CPU.Build.0 = Release|Any CPU
	EndGlobalSection
	GlobalSection(SolutionProperties) = preSolution
		HideSolutionNode = FALSE
	EndGlobalSection
	GlobalSection(ExtensibilityGlobals) = postSolution
		SolutionGuid = {01492753-2A60-4089-A18B-5AE1C24ABF1B}
	EndGlobalSection
EndGlobal
